
Microsoft Visual Studio Solution File, Format Version 12.00
# Visual Studio Version 17
VisualStudioVersion = 17.3.32929.385
MinimumVisualStudioVersion = 10.0.40219.1
Project("{FAE04EC0-301F-11D3-BF4B-00C04F79EFBC}") = "LaboratoryWork_3", "LaboratoryWork_3\LaboratoryWork_3.csproj", "{57AA22CD-4171-470E-AD38-7FE717FE5E94}"
EndProject
Global
	GlobalSection(SolutionConfigurationPlatforms) = preSolution
		Debug|Any CPU = Debug|Any CPU
		Release|Any CPU = Release|Any CPU
	EndGlobalSection
	GlobalSection(ProjectConfigurationPlatforms) = postSolution
		{57AA22CD-4171-470E-AD38-7FE717FE5E94}.Debug|Any CPU.ActiveCfg = Debug|Any CPU
		{57AA22CD-4171-470E-AD38-7FE717FE5E94}.Debug|Any CPU.Build.0 = Debug|Any CPU
		{57AA22CD-4171-470E-AD38-7FE717FE5E94}.Release|Any CPU.ActiveCfg = Release|Any CPU
		{57AA22CD-4171-470E-AD38-7FE717FE5E94}.Release|Any CPU.Build.0 = Release|Any CPU
	EndGlobalSection
	GlobalSection(SolutionProperties) = preSolution
		HideSolutionNode = FALSE
	EndGlobalSection
	GlobalSection(ExtensibilityGlobals) = postSolution
		SolutionGuid = {C3111C85-BD87-419C-BE42-912A9658A6B7}
	EndGlobalSection
EndGlobal
