
Microsoft Visual Studio Solution File, Format Version 12.00
# Visual Studio Version 17
VisualStudioVersion = 17.3.32929.385
MinimumVisualStudioVersion = 10.0.40219.1
Project("{FAE04EC0-301F-11D3-BF4B-00C04F79EFBC}") = "LaboratoryWork_5", "LaboratoryWork_5\LaboratoryWork_5.csproj", "{6E7D7451-D17E-4B10-A8AF-47311E237F0B}"
EndProject
Global
	GlobalSection(SolutionConfigurationPlatforms) = preSolution
		Debug|Any CPU = Debug|Any CPU
		Release|Any CPU = Release|Any CPU
	EndGlobalSection
	GlobalSection(ProjectConfigurationPlatforms) = postSolution
		{6E7D7451-D17E-4B10-A8AF-47311E237F0B}.Debug|Any CPU.ActiveCfg = Debug|Any CPU
		{6E7D7451-D17E-4B10-A8AF-47311E237F0B}.Debug|Any CPU.Build.0 = Debug|Any CPU
		{6E7D7451-D17E-4B10-A8AF-47311E237F0B}.Release|Any CPU.ActiveCfg = Release|Any CPU
		{6E7D7451-D17E-4B10-A8AF-47311E237F0B}.Release|Any CPU.Build.0 = Release|Any CPU
	EndGlobalSection
	GlobalSection(SolutionProperties) = preSolution
		HideSolutionNode = FALSE
	EndGlobalSection
	GlobalSection(ExtensibilityGlobals) = postSolution
		SolutionGuid = {A9A66BD3-B22B-456B-8A76-980C28F1EB79}
	EndGlobalSection
EndGlobal
