
Microsoft Visual Studio Solution File, Format Version 12.00
# Visual Studio Version 17
VisualStudioVersion = 17.3.32929.385
MinimumVisualStudioVersion = 10.0.40219.1
Project("{FAE04EC0-301F-11D3-BF4B-00C04F79EFBC}") = "RelationsMatrix", "RelationsMatrix\RelationsMatrix.csproj", "{772A6F9B-A746-479B-BE90-D9D578B26699}"
EndProject
Global
	GlobalSection(SolutionConfigurationPlatforms) = preSolution
		Debug|Any CPU = Debug|Any CPU
		Release|Any CPU = Release|Any CPU
	EndGlobalSection
	GlobalSection(ProjectConfigurationPlatforms) = postSolution
		{772A6F9B-A746-479B-BE90-D9D578B26699}.Debug|Any CPU.ActiveCfg = Debug|Any CPU
		{772A6F9B-A746-479B-BE90-D9D578B26699}.Debug|Any CPU.Build.0 = Debug|Any CPU
		{772A6F9B-A746-479B-BE90-D9D578B26699}.Release|Any CPU.ActiveCfg = Release|Any CPU
		{772A6F9B-A746-479B-BE90-D9D578B26699}.Release|Any CPU.Build.0 = Release|Any CPU
	EndGlobalSection
	GlobalSection(SolutionProperties) = preSolution
		HideSolutionNode = FALSE
	EndGlobalSection
	GlobalSection(ExtensibilityGlobals) = postSolution
		SolutionGuid = {F77E49A5-9A40-46F1-9FA2-47F2ACA47C9E}
	EndGlobalSection
EndGlobal
