
Microsoft Visual Studio Solution File, Format Version 12.00
# Visual Studio Version 17
VisualStudioVersion = 17.3.32929.385
MinimumVisualStudioVersion = 10.0.40219.1
Project("{FAE04EC0-301F-11D3-BF4B-00C04F79EFBC}") = "Task_1", "LaboratoryWork_1\Task_1.csproj", "{2A037CAD-426F-4114-9177-733FD0DB7628}"
EndProject
Project("{FAE04EC0-301F-11D3-BF4B-00C04F79EFBC}") = "Task_2", "Task_2\Task_2.csproj", "{F3F12713-7DD9-43B9-8E26-ED448711626B}"
EndProject
Project("{FAE04EC0-301F-11D3-BF4B-00C04F79EFBC}") = "Task_3", "Task_3\Task_3.csproj", "{01527A15-B776-4CED-AEAE-920EE73427E2}"
EndProject
Global
	GlobalSection(SolutionConfigurationPlatforms) = preSolution
		Debug|Any CPU = Debug|Any CPU
		Release|Any CPU = Release|Any CPU
	EndGlobalSection
	GlobalSection(ProjectConfigurationPlatforms) = postSolution
		{2A037CAD-426F-4114-9177-733FD0DB7628}.Debug|Any CPU.ActiveCfg = Debug|Any CPU
		{2A037CAD-426F-4114-9177-733FD0DB7628}.Debug|Any CPU.Build.0 = Debug|Any CPU
		{2A037CAD-426F-4114-9177-733FD0DB7628}.Release|Any CPU.ActiveCfg = Release|Any CPU
		{2A037CAD-426F-4114-9177-733FD0DB7628}.Release|Any CPU.Build.0 = Release|Any CPU
		{F3F12713-7DD9-43B9-8E26-ED448711626B}.Debug|Any CPU.ActiveCfg = Debug|Any CPU
		{F3F12713-7DD9-43B9-8E26-ED448711626B}.Debug|Any CPU.Build.0 = Debug|Any CPU
		{F3F12713-7DD9-43B9-8E26-ED448711626B}.Release|Any CPU.ActiveCfg = Release|Any CPU
		{F3F12713-7DD9-43B9-8E26-ED448711626B}.Release|Any CPU.Build.0 = Release|Any CPU
		{01527A15-B776-4CED-AEAE-920EE73427E2}.Debug|Any CPU.ActiveCfg = Debug|Any CPU
		{01527A15-B776-4CED-AEAE-920EE73427E2}.Debug|Any CPU.Build.0 = Debug|Any CPU
		{01527A15-B776-4CED-AEAE-920EE73427E2}.Release|Any CPU.ActiveCfg = Release|Any CPU
		{01527A15-B776-4CED-AEAE-920EE73427E2}.Release|Any CPU.Build.0 = Release|Any CPU
	EndGlobalSection
	GlobalSection(SolutionProperties) = preSolution
		HideSolutionNode = FALSE
	EndGlobalSection
	GlobalSection(ExtensibilityGlobals) = postSolution
		SolutionGuid = {2D88778D-8D95-46D0-93A5-F2B76B498135}
	EndGlobalSection
EndGlobal
