
Microsoft Visual Studio Solution File, Format Version 12.00
# Visual Studio Version 17
VisualStudioVersion = 17.3.32929.385
MinimumVisualStudioVersion = 10.0.40219.1
Project("{FAE04EC0-301F-11D3-BF4B-00C04F79EFBC}") = "LaboratoryWork_11", "LaboratoryWork_11\LaboratoryWork_11.csproj", "{5AF528BC-2770-4B1D-8C7F-DD4456AD73DB}"
EndProject
Project("{FAE04EC0-301F-11D3-BF4B-00C04F79EFBC}") = "LocationLibrary", "..\..\Laboratory works\LaboratoryWork_10\PlaceLibrary\LocationLibrary.csproj", "{78CBC734-E23E-4E5C-A9C4-7E5D5451AB9D}"
EndProject
Global
	GlobalSection(SolutionConfigurationPlatforms) = preSolution
		Debug|Any CPU = Debug|Any CPU
		Release|Any CPU = Release|Any CPU
	EndGlobalSection
	GlobalSection(ProjectConfigurationPlatforms) = postSolution
		{5AF528BC-2770-4B1D-8C7F-DD4456AD73DB}.Debug|Any CPU.ActiveCfg = Debug|Any CPU
		{5AF528BC-2770-4B1D-8C7F-DD4456AD73DB}.Debug|Any CPU.Build.0 = Debug|Any CPU
		{5AF528BC-2770-4B1D-8C7F-DD4456AD73DB}.Release|Any CPU.ActiveCfg = Release|Any CPU
		{5AF528BC-2770-4B1D-8C7F-DD4456AD73DB}.Release|Any CPU.Build.0 = Release|Any CPU
		{78CBC734-E23E-4E5C-A9C4-7E5D5451AB9D}.Debug|Any CPU.ActiveCfg = Debug|Any CPU
		{78CBC734-E23E-4E5C-A9C4-7E5D5451AB9D}.Debug|Any CPU.Build.0 = Debug|Any CPU
		{78CBC734-E23E-4E5C-A9C4-7E5D5451AB9D}.Release|Any CPU.ActiveCfg = Release|Any CPU
		{78CBC734-E23E-4E5C-A9C4-7E5D5451AB9D}.Release|Any CPU.Build.0 = Release|Any CPU
	EndGlobalSection
	GlobalSection(SolutionProperties) = preSolution
		HideSolutionNode = FALSE
	EndGlobalSection
	GlobalSection(ExtensibilityGlobals) = postSolution
		SolutionGuid = {199A6DC8-5F04-4710-BD85-688DF406F798}
	EndGlobalSection
EndGlobal
