
Microsoft Visual Studio Solution File, Format Version 12.00
# Visual Studio Version 17
VisualStudioVersion = 17.3.32929.385
MinimumVisualStudioVersion = 10.0.40219.1
Project("{FAE04EC0-301F-11D3-BF4B-00C04F79EFBC}") = "MinimizingComplexStatements_Lab3", "MinimizingComplexStatements_Lab3\MinimizingComplexStatements_Lab3.csproj", "{EBB6749F-E461-4CCA-9187-65024E122C5D}"
EndProject
Global
	GlobalSection(SolutionConfigurationPlatforms) = preSolution
		Debug|Any CPU = Debug|Any CPU
		Release|Any CPU = Release|Any CPU
	EndGlobalSection
	GlobalSection(ProjectConfigurationPlatforms) = postSolution
		{EBB6749F-E461-4CCA-9187-65024E122C5D}.Debug|Any CPU.ActiveCfg = Debug|Any CPU
		{EBB6749F-E461-4CCA-9187-65024E122C5D}.Debug|Any CPU.Build.0 = Debug|Any CPU
		{EBB6749F-E461-4CCA-9187-65024E122C5D}.Release|Any CPU.ActiveCfg = Release|Any CPU
		{EBB6749F-E461-4CCA-9187-65024E122C5D}.Release|Any CPU.Build.0 = Release|Any CPU
	EndGlobalSection
	GlobalSection(SolutionProperties) = preSolution
		HideSolutionNode = FALSE
	EndGlobalSection
	GlobalSection(ExtensibilityGlobals) = postSolution
		SolutionGuid = {E0427686-3F71-42F7-95AA-2DC195A6CF2B}
	EndGlobalSection
EndGlobal
